
Microsoft Visual Studio Solution File, Format Version 12.00
# Visual Studio Version 16
VisualStudioVersion = 16.0.33529.622
MinimumVisualStudioVersion = 10.0.40219.1
Project("{FAE04EC0-301F-11D3-BF4B-00C04F79EFBC}") = "ASS_NAM_FPOLY", "ASS_NAM_FPOLY\ASS_NAM_FPOLY.csproj", "{7BC8F37F-9BE7-42EF-9073-E967E685FA3C}"
EndProject
Global
	GlobalSection(SolutionConfigurationPlatforms) = preSolution
		Debug|Any CPU = Debug|Any CPU
		Release|Any CPU = Release|Any CPU
	EndGlobalSection
	GlobalSection(ProjectConfigurationPlatforms) = postSolution
		{7BC8F37F-9BE7-42EF-9073-E967E685FA3C}.Debug|Any CPU.ActiveCfg = Debug|Any CPU
		{7BC8F37F-9BE7-42EF-9073-E967E685FA3C}.Debug|Any CPU.Build.0 = Debug|Any CPU
		{7BC8F37F-9BE7-42EF-9073-E967E685FA3C}.Release|Any CPU.ActiveCfg = Release|Any CPU
		{7BC8F37F-9BE7-42EF-9073-E967E685FA3C}.Release|Any CPU.Build.0 = Release|Any CPU
	EndGlobalSection
	GlobalSection(SolutionProperties) = preSolution
		HideSolutionNode = FALSE
	EndGlobalSection
	GlobalSection(ExtensibilityGlobals) = postSolution
		SolutionGuid = {A8E684D9-E94A-4DA0-A36E-7BE60220C7FD}
	EndGlobalSection
EndGlobal
